
Microsoft Visual Studio Solution File, Format Version 12.00
# Visual Studio Version 17
VisualStudioVersion = 17.3.32901.215
MinimumVisualStudioVersion = 10.0.40219.1
Project("{9A19103F-16F7-4668-BE54-9A1E7A4F7556}") = "ConsoleApp", "..\ConsoleApp\ConsoleApp.csproj", "{3E42EEF1-77AE-49ED-97E9-3AAE89D6C239}"
EndProject
Project("{FAE04EC0-301F-11D3-BF4B-00C04F79EFBC}") = "Model", "..\Model\Model.csproj", "{9C1D1AAA-BF83-426D-B6F8-2B846CA9593A}"
EndProject
Global
	GlobalSection(SolutionConfigurationPlatforms) = preSolution
		Debug|Any CPU = Debug|Any CPU
		Release|Any CPU = Release|Any CPU
	EndGlobalSection
	GlobalSection(ProjectConfigurationPlatforms) = postSolution
		{3E42EEF1-77AE-49ED-97E9-3AAE89D6C239}.Debug|Any CPU.ActiveCfg = Debug|Any CPU
		{3E42EEF1-77AE-49ED-97E9-3AAE89D6C239}.Debug|Any CPU.Build.0 = Debug|Any CPU
		{3E42EEF1-77AE-49ED-97E9-3AAE89D6C239}.Release|Any CPU.ActiveCfg = Release|Any CPU
		{3E42EEF1-77AE-49ED-97E9-3AAE89D6C239}.Release|Any CPU.Build.0 = Release|Any CPU
		{9C1D1AAA-BF83-426D-B6F8-2B846CA9593A}.Debug|Any CPU.ActiveCfg = Debug|Any CPU
		{9C1D1AAA-BF83-426D-B6F8-2B846CA9593A}.Debug|Any CPU.Build.0 = Debug|Any CPU
		{9C1D1AAA-BF83-426D-B6F8-2B846CA9593A}.Release|Any CPU.ActiveCfg = Release|Any CPU
		{9C1D1AAA-BF83-426D-B6F8-2B846CA9593A}.Release|Any CPU.Build.0 = Release|Any CPU
	EndGlobalSection
	GlobalSection(SolutionProperties) = preSolution
		HideSolutionNode = FALSE
	EndGlobalSection
	GlobalSection(ExtensibilityGlobals) = postSolution
		SolutionGuid = {797F8C93-ED02-4B81-87AF-454FCA91C06D}
	EndGlobalSection
EndGlobal
